// !$*UTF8*$!
{
	archiveVersion = 1;
	classes = {
	};
	objectVersion = 48;
	objects = {

/* Begin PBXBuildFile section */
		A32F2E44225E4C7900E77810 /* main.cpp in Sources */ = {isa = PBXBuildFile; fileRef = A38F3D4F225786B500EA3296 /* main.cpp */; };
		A37F0A3F22B64F9000A871AA /* Occurrence.cpp in Sources */ = {isa = PBXBuildFile; fileRef = A37F0A3D22B64F9000A871AA /* Occurrence.cpp */; };
		A3880A95226DAAB700570876 /* Estimator.cpp in Sources */ = {isa = PBXBuildFile; fileRef = A3A5AF7222604D46009A7C79 /* Estimator.cpp */; };
		A38F3D6A2257892C00EA3296 /* Graph.hpp in Sources */ = {isa = PBXBuildFile; fileRef = A38F3D52225787FA00EA3296 /* Graph.hpp */; };
		A3961F5E225D075C0006FE55 /* Graphlet.cpp in Sources */ = {isa = PBXBuildFile; fileRef = A337EEF7225C985A00AF49CC /* Graphlet.cpp */; };
		A39CEA272267491B0084B092 /* Graph.cpp in Sources */ = {isa = PBXBuildFile; fileRef = A38F3D51225787FA00EA3296 /* Graph.cpp */; };
/* End PBXBuildFile section */

/* Begin PBXCopyFilesBuildPhase section */
		A38F3D42225785DC00EA3296 /* CopyFiles */ = {
			isa = PBXCopyFilesBuildPhase;
			buildActionMask = 2147483647;
			dstPath = /usr/share/man/man1/;
			dstSubfolderSpec = 0;
			files = (
			);
			runOnlyForDeploymentPostprocessing = 1;
		};
		A38F3D60225788F600EA3296 /* CopyFiles */ = {
			isa = PBXCopyFilesBuildPhase;
			buildActionMask = 2147483647;
			dstPath = /usr/share/man/man1/;
			dstSubfolderSpec = 0;
			files = (
			);
			runOnlyForDeploymentPostprocessing = 1;
		};
/* End PBXCopyFilesBuildPhase section */

/* Begin PBXFileReference section */
		A337EEF7225C985A00AF49CC /* Graphlet.cpp */ = {isa = PBXFileReference; fileEncoding = 4; lastKnownFileType = sourcecode.cpp.cpp; path = Graphlet.cpp; sourceTree = "<group>"; };
		A337EEF8225C985A00AF49CC /* Graphlet.hpp */ = {isa = PBXFileReference; fileEncoding = 4; lastKnownFileType = sourcecode.cpp.h; path = Graphlet.hpp; sourceTree = "<group>"; };
		A369C9B922683BD7000AB92D /* Utility.hpp */ = {isa = PBXFileReference; lastKnownFileType = sourcecode.cpp.h; path = Utility.hpp; sourceTree = "<group>"; };
		A37F0A3D22B64F9000A871AA /* Occurrence.cpp */ = {isa = PBXFileReference; lastKnownFileType = sourcecode.cpp.cpp; path = Occurrence.cpp; sourceTree = "<group>"; };
		A37F0A3E22B64F9000A871AA /* Occurrence.hpp */ = {isa = PBXFileReference; lastKnownFileType = sourcecode.cpp.h; path = Occurrence.hpp; sourceTree = "<group>"; };
		A38F3D44225785DC00EA3296 /* src */ = {isa = PBXFileReference; explicitFileType = "compiled.mach-o.executable"; includeInIndex = 0; path = src; sourceTree = BUILT_PRODUCTS_DIR; };
		A38F3D4F225786B500EA3296 /* main.cpp */ = {isa = PBXFileReference; fileEncoding = 4; lastKnownFileType = sourcecode.cpp.cpp; path = main.cpp; sourceTree = "<group>"; usesTabs = 1; };
		A38F3D51225787FA00EA3296 /* Graph.cpp */ = {isa = PBXFileReference; fileEncoding = 4; lastKnownFileType = sourcecode.cpp.cpp; path = Graph.cpp; sourceTree = "<group>"; };
		A38F3D52225787FA00EA3296 /* Graph.hpp */ = {isa = PBXFileReference; fileEncoding = 4; lastKnownFileType = sourcecode.cpp.h; path = Graph.hpp; sourceTree = "<group>"; };
		A38F3D62225788F600EA3296 /* dummy */ = {isa = PBXFileReference; explicitFileType = "compiled.mach-o.executable"; includeInIndex = 0; path = dummy; sourceTree = BUILT_PRODUCTS_DIR; };
		A3A5AF7222604D46009A7C79 /* Estimator.cpp */ = {isa = PBXFileReference; fileEncoding = 4; lastKnownFileType = sourcecode.cpp.cpp; path = Estimator.cpp; sourceTree = "<group>"; };
		A3A5AF7322604D46009A7C79 /* Estimator.hpp */ = {isa = PBXFileReference; fileEncoding = 4; lastKnownFileType = sourcecode.cpp.h; path = Estimator.hpp; sourceTree = "<group>"; };
/* End PBXFileReference section */

/* Begin PBXFrameworksBuildPhase section */
		A38F3D41225785DC00EA3296 /* Frameworks */ = {
			isa = PBXFrameworksBuildPhase;
			buildActionMask = 2147483647;
			files = (
			);
			runOnlyForDeploymentPostprocessing = 0;
		};
		A38F3D5F225788F600EA3296 /* Frameworks */ = {
			isa = PBXFrameworksBuildPhase;
			buildActionMask = 2147483647;
			files = (
			);
			runOnlyForDeploymentPostprocessing = 0;
		};
/* End PBXFrameworksBuildPhase section */

/* Begin PBXGroup section */
		A38F3D3B225785DC00EA3296 = {
			isa = PBXGroup;
			children = (
				A369C9B922683BD7000AB92D /* Utility.hpp */,
				A3A5AF7222604D46009A7C79 /* Estimator.cpp */,
				A3A5AF7322604D46009A7C79 /* Estimator.hpp */,
				A337EEF7225C985A00AF49CC /* Graphlet.cpp */,
				A337EEF8225C985A00AF49CC /* Graphlet.hpp */,
				A38F3D51225787FA00EA3296 /* Graph.cpp */,
				A38F3D52225787FA00EA3296 /* Graph.hpp */,
				A37F0A3D22B64F9000A871AA /* Occurrence.cpp */,
				A37F0A3E22B64F9000A871AA /* Occurrence.hpp */,
				A38F3D4F225786B500EA3296 /* main.cpp */,
				A38F3D45225785DC00EA3296 /* Products */,
			);
			sourceTree = "<group>";
		};
		A38F3D45225785DC00EA3296 /* Products */ = {
			isa = PBXGroup;
			children = (
				A38F3D44225785DC00EA3296 /* src */,
				A38F3D62225788F600EA3296 /* dummy */,
			);
			name = Products;
			sourceTree = "<group>";
		};
/* End PBXGroup section */

/* Begin PBXNativeTarget section */
		A38F3D43225785DC00EA3296 /* src */ = {
			isa = PBXNativeTarget;
			buildConfigurationList = A38F3D4B225785DC00EA3296 /* Build configuration list for PBXNativeTarget "src" */;
			buildPhases = (
				A38F3D40225785DC00EA3296 /* Sources */,
				A38F3D41225785DC00EA3296 /* Frameworks */,
				A38F3D42225785DC00EA3296 /* CopyFiles */,
			);
			buildRules = (
			);
			dependencies = (
			);
			name = src;
			productName = src;
			productReference = A38F3D44225785DC00EA3296 /* src */;
			productType = "com.apple.product-type.tool";
		};
		A38F3D61225788F600EA3296 /* dummy */ = {
			isa = PBXNativeTarget;
			buildConfigurationList = A38F3D66225788F600EA3296 /* Build configuration list for PBXNativeTarget "dummy" */;
			buildPhases = (
				A38F3D5E225788F600EA3296 /* Sources */,
				A38F3D5F225788F600EA3296 /* Frameworks */,
				A38F3D60225788F600EA3296 /* CopyFiles */,
			);
			buildRules = (
			);
			dependencies = (
			);
			name = dummy;
			productName = dummy;
			productReference = A38F3D62225788F600EA3296 /* dummy */;
			productType = "com.apple.product-type.tool";
		};
/* End PBXNativeTarget section */

/* Begin PBXProject section */
		A38F3D3C225785DC00EA3296 /* Project object */ = {
			isa = PBXProject;
			attributes = {
				LastUpgradeCheck = 0910;
				ORGANIZATIONNAME = "Lorenzo Giusti";
				TargetAttributes = {
					A38F3D43225785DC00EA3296 = {
						CreatedOnToolsVersion = 9.1;
						ProvisioningStyle = Automatic;
					};
					A38F3D61225788F600EA3296 = {
						CreatedOnToolsVersion = 9.1;
						ProvisioningStyle = Automatic;
					};
				};
			};
			buildConfigurationList = A38F3D3F225785DC00EA3296 /* Build configuration list for PBXProject "src" */;
			compatibilityVersion = "Xcode 8.0";
			developmentRegion = en;
			hasScannedForEncodings = 0;
			knownRegions = (
				en,
			);
			mainGroup = A38F3D3B225785DC00EA3296;
			productRefGroup = A38F3D45225785DC00EA3296 /* Products */;
			projectDirPath = "";
			projectRoot = "";
			targets = (
				A38F3D43225785DC00EA3296 /* src */,
				A38F3D61225788F600EA3296 /* dummy */,
			);
		};
/* End PBXProject section */

/* Begin PBXSourcesBuildPhase section */
		A38F3D40225785DC00EA3296 /* Sources */ = {
			isa = PBXSourcesBuildPhase;
			buildActionMask = 2147483647;
			files = (
				A32F2E44225E4C7900E77810 /* main.cpp in Sources */,
			);
			runOnlyForDeploymentPostprocessing = 0;
		};
		A38F3D5E225788F600EA3296 /* Sources */ = {
			isa = PBXSourcesBuildPhase;
			buildActionMask = 2147483647;
			files = (
				A39CEA272267491B0084B092 /* Graph.cpp in Sources */,
				A37F0A3F22B64F9000A871AA /* Occurrence.cpp in Sources */,
				A3961F5E225D075C0006FE55 /* Graphlet.cpp in Sources */,
				A3880A95226DAAB700570876 /* Estimator.cpp in Sources */,
				A38F3D6A2257892C00EA3296 /* Graph.hpp in Sources */,
			);
			runOnlyForDeploymentPostprocessing = 0;
		};
/* End PBXSourcesBuildPhase section */

/* Begin XCBuildConfiguration section */
		A38F3D49225785DC00EA3296 /* Debug */ = {
			isa = XCBuildConfiguration;
			buildSettings = {
				ALWAYS_SEARCH_USER_PATHS = NO;
				CLANG_ANALYZER_NONNULL = YES;
				CLANG_ANALYZER_NUMBER_OBJECT_CONVERSION = YES_AGGRESSIVE;
				CLANG_CXX_LANGUAGE_STANDARD = "gnu++14";
				CLANG_CXX_LIBRARY = "libc++";
				CLANG_ENABLE_MODULES = YES;
				CLANG_ENABLE_OBJC_ARC = YES;
				CLANG_WARN_BLOCK_CAPTURE_AUTORELEASING = YES;
				CLANG_WARN_BOOL_CONVERSION = YES;
				CLANG_WARN_COMMA = YES;
				CLANG_WARN_CONSTANT_CONVERSION = YES;
				CLANG_WARN_DIRECT_OBJC_ISA_USAGE = YES_ERROR;
				CLANG_WARN_DOCUMENTATION_COMMENTS = YES;
				CLANG_WARN_EMPTY_BODY = YES;
				CLANG_WARN_ENUM_CONVERSION = YES;
				CLANG_WARN_INFINITE_RECURSION = YES;
				CLANG_WARN_INT_CONVERSION = YES;
				CLANG_WARN_NON_LITERAL_NULL_CONVERSION = YES;
				CLANG_WARN_OBJC_LITERAL_CONVERSION = YES;
				CLANG_WARN_OBJC_ROOT_CLASS = YES_ERROR;
				CLANG_WARN_RANGE_LOOP_ANALYSIS = YES;
				CLANG_WARN_STRICT_PROTOTYPES = YES;
				CLANG_WARN_SUSPICIOUS_MOVE = YES;
				CLANG_WARN_UNGUARDED_AVAILABILITY = YES_AGGRESSIVE;
				CLANG_WARN_UNREACHABLE_CODE = YES;
				CLANG_WARN__DUPLICATE_METHOD_MATCH = YES;
				CODE_SIGN_IDENTITY = "-";
				COPY_PHASE_STRIP = NO;
				DEBUG_INFORMATION_FORMAT = dwarf;
				ENABLE_STRICT_OBJC_MSGSEND = YES;
				ENABLE_TESTABILITY = YES;
				GCC_C_LANGUAGE_STANDARD = gnu11;
				GCC_DYNAMIC_NO_PIC = NO;
				GCC_NO_COMMON_BLOCKS = YES;
				GCC_OPTIMIZATION_LEVEL = 0;
				GCC_PREPROCESSOR_DEFINITIONS = (
					"DEBUG=1",
					"$(inherited)",
				);
				GCC_WARN_64_TO_32_BIT_CONVERSION = YES;
				GCC_WARN_ABOUT_RETURN_TYPE = YES_ERROR;
				GCC_WARN_UNDECLARED_SELECTOR = YES;
				GCC_WARN_UNINITIALIZED_AUTOS = YES_AGGRESSIVE;
				GCC_WARN_UNUSED_FUNCTION = YES;
				GCC_WARN_UNUSED_VARIABLE = YES;
				HEADER_SEARCH_PATHS = /usr/local/Cellar/boost/1.69.0/include/;
				LIBRARY_SEARCH_PATHS = /usr/local/Cellar/boost/1.69.0/lib/;
				MACOSX_DEPLOYMENT_TARGET = 10.13;
				MTL_ENABLE_DEBUG_INFO = YES;
				ONLY_ACTIVE_ARCH = YES;
				SDKROOT = macosx;
			};
			name = Debug;
		};
		A38F3D4A225785DC00EA3296 /* Release */ = {
			isa = XCBuildConfiguration;
			buildSettings = {
				ALWAYS_SEARCH_USER_PATHS = NO;
				CLANG_ANALYZER_NONNULL = YES;
				CLANG_ANALYZER_NUMBER_OBJECT_CONVERSION = YES_AGGRESSIVE;
				CLANG_CXX_LANGUAGE_STANDARD = "gnu++14";
				CLANG_CXX_LIBRARY = "libc++";
				CLANG_ENABLE_MODULES = YES;
				CLANG_ENABLE_OBJC_ARC = YES;
				CLANG_WARN_BLOCK_CAPTURE_AUTORELEASING = YES;
				CLANG_WARN_BOOL_CONVERSION = YES;
				CLANG_WARN_COMMA = YES;
				CLANG_WARN_CONSTANT_CONVERSION = YES;
				CLANG_WARN_DIRECT_OBJC_ISA_USAGE = YES_ERROR;
				CLANG_WARN_DOCUMENTATION_COMMENTS = YES;
				CLANG_WARN_EMPTY_BODY = YES;
				CLANG_WARN_ENUM_CONVERSION = YES;
				CLANG_WARN_INFINITE_RECURSION = YES;
				CLANG_WARN_INT_CONVERSION = YES;
				CLANG_WARN_NON_LITERAL_NULL_CONVERSION = YES;
				CLANG_WARN_OBJC_LITERAL_CONVERSION = YES;
				CLANG_WARN_OBJC_ROOT_CLASS = YES_ERROR;
				CLANG_WARN_RANGE_LOOP_ANALYSIS = YES;
				CLANG_WARN_STRICT_PROTOTYPES = YES;
				CLANG_WARN_SUSPICIOUS_MOVE = YES;
				CLANG_WARN_UNGUARDED_AVAILABILITY = YES_AGGRESSIVE;
				CLANG_WARN_UNREACHABLE_CODE = YES;
				CLANG_WARN__DUPLICATE_METHOD_MATCH = YES;
				CODE_SIGN_IDENTITY = "-";
				COPY_PHASE_STRIP = NO;
				DEBUG_INFORMATION_FORMAT = "dwarf-with-dsym";
				ENABLE_NS_ASSERTIONS = NO;
				ENABLE_STRICT_OBJC_MSGSEND = YES;
				GCC_C_LANGUAGE_STANDARD = gnu11;
				GCC_NO_COMMON_BLOCKS = YES;
				GCC_WARN_64_TO_32_BIT_CONVERSION = YES;
				GCC_WARN_ABOUT_RETURN_TYPE = YES_ERROR;
				GCC_WARN_UNDECLARED_SELECTOR = YES;
				GCC_WARN_UNINITIALIZED_AUTOS = YES_AGGRESSIVE;
				GCC_WARN_UNUSED_FUNCTION = YES;
				GCC_WARN_UNUSED_VARIABLE = YES;
				HEADER_SEARCH_PATHS = /usr/local/Cellar/boost/1.69.0/include/;
				LIBRARY_SEARCH_PATHS = /usr/local/Cellar/boost/1.69.0/lib/;
				MACOSX_DEPLOYMENT_TARGET = 10.13;
				MTL_ENABLE_DEBUG_INFO = NO;
				SDKROOT = macosx;
			};
			name = Release;
		};
		A38F3D4C225785DC00EA3296 /* Debug */ = {
			isa = XCBuildConfiguration;
			buildSettings = {
				CODE_SIGN_STYLE = Automatic;
				PRODUCT_NAME = "$(TARGET_NAME)";
			};
			name = Debug;
		};
		A38F3D4D225785DC00EA3296 /* Release */ = {
			isa = XCBuildConfiguration;
			buildSettings = {
				CODE_SIGN_STYLE = Automatic;
				PRODUCT_NAME = "$(TARGET_NAME)";
			};
			name = Release;
		};
		A38F3D67225788F600EA3296 /* Debug */ = {
			isa = XCBuildConfiguration;
			buildSettings = {
				CODE_SIGN_STYLE = Automatic;
				PRODUCT_NAME = "$(TARGET_NAME)";
			};
			name = Debug;
		};
		A38F3D68225788F600EA3296 /* Release */ = {
			isa = XCBuildConfiguration;
			buildSettings = {
				CODE_SIGN_STYLE = Automatic;
				PRODUCT_NAME = "$(TARGET_NAME)";
			};
			name = Release;
		};
/* End XCBuildConfiguration section */

/* Begin XCConfigurationList section */
		A38F3D3F225785DC00EA3296 /* Build configuration list for PBXProject "src" */ = {
			isa = XCConfigurationList;
			buildConfigurations = (
				A38F3D49225785DC00EA3296 /* Debug */,
				A38F3D4A225785DC00EA3296 /* Release */,
			);
			defaultConfigurationIsVisible = 0;
			defaultConfigurationName = Release;
		};
		A38F3D4B225785DC00EA3296 /* Build configuration list for PBXNativeTarget "src" */ = {
			isa = XCConfigurationList;
			buildConfigurations = (
				A38F3D4C225785DC00EA3296 /* Debug */,
				A38F3D4D225785DC00EA3296 /* Release */,
			);
			defaultConfigurationIsVisible = 0;
			defaultConfigurationName = Release;
		};
		A38F3D66225788F600EA3296 /* Build configuration list for PBXNativeTarget "dummy" */ = {
			isa = XCConfigurationList;
			buildConfigurations = (
				A38F3D67225788F600EA3296 /* Debug */,
				A38F3D68225788F600EA3296 /* Release */,
			);
			defaultConfigurationIsVisible = 0;
			defaultConfigurationName = Release;
		};
/* End XCConfigurationList section */
	};
	rootObject = A38F3D3C225785DC00EA3296 /* Project object */;
}
